
Microsoft Visual Studio Solution File, Format Version 12.00
# Visual Studio Version 17
VisualStudioVersion = 17.9.34616.47
MinimumVisualStudioVersion = 10.0.40219.1
Project("{FAE04EC0-301F-11D3-BF4B-00C04F79EFBC}") = "API", "API.csproj", "{BC3623C6-1382-4414-A3F1-7017D313E431}"
EndProject
Global
	GlobalSection(SolutionConfigurationPlatforms) = preSolution
		Debug|Any CPU = Debug|Any CPU
		Release|Any CPU = Release|Any CPU
	EndGlobalSection
	GlobalSection(ProjectConfigurationPlatforms) = postSolution
		{BC3623C6-1382-4414-A3F1-7017D313E431}.Debug|Any CPU.ActiveCfg = Debug|Any CPU
		{BC3623C6-1382-4414-A3F1-7017D313E431}.Debug|Any CPU.Build.0 = Debug|Any CPU
		{BC3623C6-1382-4414-A3F1-7017D313E431}.Release|Any CPU.ActiveCfg = Release|Any CPU
		{BC3623C6-1382-4414-A3F1-7017D313E431}.Release|Any CPU.Build.0 = Release|Any CPU
	EndGlobalSection
	GlobalSection(SolutionProperties) = preSolution
		HideSolutionNode = FALSE
	EndGlobalSection
	GlobalSection(ExtensibilityGlobals) = postSolution
		SolutionGuid = {5CA77D9F-D71B-4B6A-8346-DC38A49C73AC}
	EndGlobalSection
EndGlobal
